
Microsoft Visual Studio Solution File, Format Version 12.00
# Visual Studio Version 17
VisualStudioVersion = 17.13.35825.156 d17.13
MinimumVisualStudioVersion = 10.0.40219.1
Project("{FAE04EC0-301F-11D3-BF4B-00C04F79EFBC}") = "ClienteTCP", "ClienteTCP\ClienteTCP.csproj", "{271E243D-33E3-4399-BC6F-0D0836BB697A}"
EndProject
Project("{FAE04EC0-301F-11D3-BF4B-00C04F79EFBC}") = "ServidorTCP", "ServidorTCP\ServidorTCP.csproj", "{DEECC7C9-34A6-4F4C-95D0-B9E9346B9786}"
EndProject
Project("{FAE04EC0-301F-11D3-BF4B-00C04F79EFBC}") = "ServidorApiRest", "ServidorApiRest\ServidorApiRest.csproj", "{C0B2BB28-6081-4614-9369-0320C1C383C9}"
EndProject
Global
	GlobalSection(SolutionConfigurationPlatforms) = preSolution
		Debug|Any CPU = Debug|Any CPU
		Release|Any CPU = Release|Any CPU
	EndGlobalSection
	GlobalSection(ProjectConfigurationPlatforms) = postSolution
		{271E243D-33E3-4399-BC6F-0D0836BB697A}.Debug|Any CPU.ActiveCfg = Debug|Any CPU
		{271E243D-33E3-4399-BC6F-0D0836BB697A}.Debug|Any CPU.Build.0 = Debug|Any CPU
		{271E243D-33E3-4399-BC6F-0D0836BB697A}.Release|Any CPU.ActiveCfg = Release|Any CPU
		{271E243D-33E3-4399-BC6F-0D0836BB697A}.Release|Any CPU.Build.0 = Release|Any CPU
		{DEECC7C9-34A6-4F4C-95D0-B9E9346B9786}.Debug|Any CPU.ActiveCfg = Debug|Any CPU
		{DEECC7C9-34A6-4F4C-95D0-B9E9346B9786}.Debug|Any CPU.Build.0 = Debug|Any CPU
		{DEECC7C9-34A6-4F4C-95D0-B9E9346B9786}.Release|Any CPU.ActiveCfg = Release|Any CPU
		{DEECC7C9-34A6-4F4C-95D0-B9E9346B9786}.Release|Any CPU.Build.0 = Release|Any CPU
		{C0B2BB28-6081-4614-9369-0320C1C383C9}.Debug|Any CPU.ActiveCfg = Debug|Any CPU
		{C0B2BB28-6081-4614-9369-0320C1C383C9}.Debug|Any CPU.Build.0 = Debug|Any CPU
		{C0B2BB28-6081-4614-9369-0320C1C383C9}.Release|Any CPU.ActiveCfg = Release|Any CPU
		{C0B2BB28-6081-4614-9369-0320C1C383C9}.Release|Any CPU.Build.0 = Release|Any CPU
	EndGlobalSection
	GlobalSection(SolutionProperties) = preSolution
		HideSolutionNode = FALSE
	EndGlobalSection
	GlobalSection(ExtensibilityGlobals) = postSolution
		SolutionGuid = {66E3DA4D-4257-4B02-9DCB-86FF283DB1C8}
	EndGlobalSection
EndGlobal
